
Microsoft Visual Studio Solution File, Format Version 12.00
# Visual Studio Version 17
VisualStudioVersion = 17.0.31903.59
MinimumVisualStudioVersion = 10.0.40219.1
Project("{FAE04EC0-301F-11D3-BF4B-00C04F79EFBC}") = "TaskManager.Web", "TaskManager.Web\TaskManager.Web.csproj", "{EA8D1F35-605B-4F0D-9D31-9CB0CBCBE102}"
EndProject
Project("{FAE04EC0-301F-11D3-BF4B-00C04F79EFBC}") = "TaskManager.Data", "TaskManager.Data\TaskManager.Data.csproj", "{180B1A88-F0E2-4D95-9EDB-C5647F0936B1}"
EndProject
Global
	GlobalSection(SolutionConfigurationPlatforms) = preSolution
		Debug|Any CPU = Debug|Any CPU
		Debug|x64 = Debug|x64
		Debug|x86 = Debug|x86
		Release|Any CPU = Release|Any CPU
		Release|x64 = Release|x64
		Release|x86 = Release|x86
	EndGlobalSection
	GlobalSection(ProjectConfigurationPlatforms) = postSolution
		{EA8D1F35-605B-4F0D-9D31-9CB0CBCBE102}.Debug|Any CPU.ActiveCfg = Debug|Any CPU
		{EA8D1F35-605B-4F0D-9D31-9CB0CBCBE102}.Debug|Any CPU.Build.0 = Debug|Any CPU
		{EA8D1F35-605B-4F0D-9D31-9CB0CBCBE102}.Debug|x64.ActiveCfg = Debug|Any CPU
		{EA8D1F35-605B-4F0D-9D31-9CB0CBCBE102}.Debug|x64.Build.0 = Debug|Any CPU
		{EA8D1F35-605B-4F0D-9D31-9CB0CBCBE102}.Debug|x86.ActiveCfg = Debug|Any CPU
		{EA8D1F35-605B-4F0D-9D31-9CB0CBCBE102}.Debug|x86.Build.0 = Debug|Any CPU
		{EA8D1F35-605B-4F0D-9D31-9CB0CBCBE102}.Release|Any CPU.ActiveCfg = Release|Any CPU
		{EA8D1F35-605B-4F0D-9D31-9CB0CBCBE102}.Release|Any CPU.Build.0 = Release|Any CPU
		{EA8D1F35-605B-4F0D-9D31-9CB0CBCBE102}.Release|x64.ActiveCfg = Release|Any CPU
		{EA8D1F35-605B-4F0D-9D31-9CB0CBCBE102}.Release|x64.Build.0 = Release|Any CPU
		{EA8D1F35-605B-4F0D-9D31-9CB0CBCBE102}.Release|x86.ActiveCfg = Release|Any CPU
		{EA8D1F35-605B-4F0D-9D31-9CB0CBCBE102}.Release|x86.Build.0 = Release|Any CPU
		{180B1A88-F0E2-4D95-9EDB-C5647F0936B1}.Debug|Any CPU.ActiveCfg = Debug|Any CPU
		{180B1A88-F0E2-4D95-9EDB-C5647F0936B1}.Debug|Any CPU.Build.0 = Debug|Any CPU
		{180B1A88-F0E2-4D95-9EDB-C5647F0936B1}.Debug|x64.ActiveCfg = Debug|Any CPU
		{180B1A88-F0E2-4D95-9EDB-C5647F0936B1}.Debug|x64.Build.0 = Debug|Any CPU
		{180B1A88-F0E2-4D95-9EDB-C5647F0936B1}.Debug|x86.ActiveCfg = Debug|Any CPU
		{180B1A88-F0E2-4D95-9EDB-C5647F0936B1}.Debug|x86.Build.0 = Debug|Any CPU
		{180B1A88-F0E2-4D95-9EDB-C5647F0936B1}.Release|Any CPU.ActiveCfg = Release|Any CPU
		{180B1A88-F0E2-4D95-9EDB-C5647F0936B1}.Release|Any CPU.Build.0 = Release|Any CPU
		{180B1A88-F0E2-4D95-9EDB-C5647F0936B1}.Release|x64.ActiveCfg = Release|Any CPU
		{180B1A88-F0E2-4D95-9EDB-C5647F0936B1}.Release|x64.Build.0 = Release|Any CPU
		{180B1A88-F0E2-4D95-9EDB-C5647F0936B1}.Release|x86.ActiveCfg = Release|Any CPU
		{180B1A88-F0E2-4D95-9EDB-C5647F0936B1}.Release|x86.Build.0 = Release|Any CPU
	EndGlobalSection
	GlobalSection(SolutionProperties) = preSolution
		HideSolutionNode = FALSE
	EndGlobalSection
EndGlobal
